
Microsoft Visual Studio Solution File, Format Version 10.00
# Visual Studio 2008
Project("{8BC9CEB8-8B4A-11D0-8D11-00A0C91BC942}") = "ProtoBuf", "ProtoBuf\ProtoBuf.vcproj", "{D2BF0D5E-DCD1-434E-A72C-FB9484624648}"
EndProject
Project("{8BC9CEB8-8B4A-11D0-8D11-00A0C91BC942}") = "ZZZ_GPB_GpbElementInfo", "ZZZ_GPB_GpbElementInfo\ZZZ_GPB_GpbElementInfo.vcproj", "{74089CD0-D7FE-45EB-84A2-1A46EFBB768C}"
	ProjectSection(ProjectDependencies) = postProject
		{D2BF0D5E-DCD1-434E-A72C-FB9484624648} = {D2BF0D5E-DCD1-434E-A72C-FB9484624648}
	EndProjectSection
EndProject
Global
	GlobalSection(SolutionConfigurationPlatforms) = preSolution
		Debug|Win32 = Debug|Win32
		Release|Win32 = Release|Win32
	EndGlobalSection
	GlobalSection(ProjectConfigurationPlatforms) = postSolution
		{D2BF0D5E-DCD1-434E-A72C-FB9484624648}.Debug|Win32.ActiveCfg = Debug|Win32
		{D2BF0D5E-DCD1-434E-A72C-FB9484624648}.Debug|Win32.Build.0 = Debug|Win32
		{D2BF0D5E-DCD1-434E-A72C-FB9484624648}.Release|Win32.ActiveCfg = Release|Win32
		{D2BF0D5E-DCD1-434E-A72C-FB9484624648}.Release|Win32.Build.0 = Release|Win32
		{74089CD0-D7FE-45EB-84A2-1A46EFBB768C}.Debug|Win32.ActiveCfg = Debug|Win32
		{74089CD0-D7FE-45EB-84A2-1A46EFBB768C}.Debug|Win32.Build.0 = Debug|Win32
		{74089CD0-D7FE-45EB-84A2-1A46EFBB768C}.Release|Win32.ActiveCfg = Release|Win32
		{74089CD0-D7FE-45EB-84A2-1A46EFBB768C}.Release|Win32.Build.0 = Release|Win32
	EndGlobalSection
	GlobalSection(SolutionProperties) = preSolution
		HideSolutionNode = FALSE
	EndGlobalSection
EndGlobal
