
Microsoft Visual Studio Solution File, Format Version 10.00
# Visual Studio 2008
Project("{8BC9CEB8-8B4A-11D0-8D11-00A0C91BC942}") = "Utility", "Utility\Utility.vcproj", "{7E839BA9-3D31-4F36-B582-34D0E0DE2CA2}"
EndProject
Project("{8BC9CEB8-8B4A-11D0-8D11-00A0C91BC942}") = "Utility_DLL", "Utility_DLL\Utility_DLL.vcproj", "{44028ECD-1806-4812-BCDA-9EF08598422C}"
EndProject
Project("{8BC9CEB8-8B4A-11D0-8D11-00A0C91BC942}") = "ZZZ_UTIL_PathName", "ZZZ_UTIL_PathName\ZZZ_UTIL_PathName.vcproj", "{F683FF22-C259-46E0-8D74-F3748F129A2C}"
	ProjectSection(ProjectDependencies) = postProject
		{7E839BA9-3D31-4F36-B582-34D0E0DE2CA2} = {7E839BA9-3D31-4F36-B582-34D0E0DE2CA2}
	EndProjectSection
EndProject
Project("{8BC9CEB8-8B4A-11D0-8D11-00A0C91BC942}") = "ZZZ_UTIL_LogManager", "ZZZ_UTIL_LogManager\ZZZ_UTIL_LogManager.vcproj", "{D543AC48-83C6-417C-970D-E6631FB47246}"
	ProjectSection(ProjectDependencies) = postProject
		{7E839BA9-3D31-4F36-B582-34D0E0DE2CA2} = {7E839BA9-3D31-4F36-B582-34D0E0DE2CA2}
	EndProjectSection
EndProject
Project("{8BC9CEB8-8B4A-11D0-8D11-00A0C91BC942}") = "ZZZ_UTIL_ConfigFileSupport", "ZZZ_UTIL_ConfigFileSupport\ZZZ_UTIL_ConfigFileSupport.vcproj", "{A9E4BE97-FBA2-4368-B446-DDB29C6D1B1A}"
	ProjectSection(ProjectDependencies) = postProject
		{7E839BA9-3D31-4F36-B582-34D0E0DE2CA2} = {7E839BA9-3D31-4F36-B582-34D0E0DE2CA2}
	EndProjectSection
EndProject
Project("{8BC9CEB8-8B4A-11D0-8D11-00A0C91BC942}") = "ZZZ_UTIL_CriticalEventHandler", "ZZZ_UTIL_CriticalEventHandler\ZZZ_UTIL_CriticalEventHandler.vcproj", "{9E01083A-AB22-4720-A52F-B59F660271FD}"
	ProjectSection(ProjectDependencies) = postProject
		{7E839BA9-3D31-4F36-B582-34D0E0DE2CA2} = {7E839BA9-3D31-4F36-B582-34D0E0DE2CA2}
	EndProjectSection
EndProject
Project("{8BC9CEB8-8B4A-11D0-8D11-00A0C91BC942}") = "ZZZ_UTIL_ExecProcess", "ZZZ_UTIL_ExecProcess\ZZZ_UTIL_ExecProcess.vcproj", "{ACBD52DD-37EE-40C1-8214-2B911F010669}"
	ProjectSection(ProjectDependencies) = postProject
		{7E839BA9-3D31-4F36-B582-34D0E0DE2CA2} = {7E839BA9-3D31-4F36-B582-34D0E0DE2CA2}
	EndProjectSection
EndProject
Project("{8BC9CEB8-8B4A-11D0-8D11-00A0C91BC942}") = "ZZZ_UTIL_GetEnvironment", "ZZZ_UTIL_GetEnvironment\ZZZ_UTIL_GetEnvironment.vcproj", "{6670CC38-445B-42C4-8D54-11F1FDE35370}"
	ProjectSection(ProjectDependencies) = postProject
		{7E839BA9-3D31-4F36-B582-34D0E0DE2CA2} = {7E839BA9-3D31-4F36-B582-34D0E0DE2CA2}
	EndProjectSection
EndProject
Project("{8BC9CEB8-8B4A-11D0-8D11-00A0C91BC942}") = "ZZZ_UTIL_HostName", "ZZZ_UTIL_HostName\ZZZ_UTIL_HostName.vcproj", "{C5CF2290-B29D-4A8D-B705-8C2E8E301994}"
	ProjectSection(ProjectDependencies) = postProject
		{7E839BA9-3D31-4F36-B582-34D0E0DE2CA2} = {7E839BA9-3D31-4F36-B582-34D0E0DE2CA2}
	EndProjectSection
EndProject
Project("{8BC9CEB8-8B4A-11D0-8D11-00A0C91BC942}") = "ZZZ_UTIL_HRTimer", "ZZZ_UTIL_HRTimer\ZZZ_UTIL_HRTimer.vcproj", "{0E30D45A-E00A-4F2B-82F6-762DEE82F992}"
	ProjectSection(ProjectDependencies) = postProject
		{7E839BA9-3D31-4F36-B582-34D0E0DE2CA2} = {7E839BA9-3D31-4F36-B582-34D0E0DE2CA2}
	EndProjectSection
EndProject
Project("{8BC9CEB8-8B4A-11D0-8D11-00A0C91BC942}") = "ZZZ_UTIL_HRTimeStamp", "ZZZ_UTIL_HRTimeStamp\ZZZ_UTIL_HRTimeStamp.vcproj", "{2F37FFCB-82B4-4461-96CA-BACCC3DFC8AC}"
	ProjectSection(ProjectDependencies) = postProject
		{7E839BA9-3D31-4F36-B582-34D0E0DE2CA2} = {7E839BA9-3D31-4F36-B582-34D0E0DE2CA2}
	EndProjectSection
EndProject
Project("{8BC9CEB8-8B4A-11D0-8D11-00A0C91BC942}") = "ZZZ_UTIL_InlineContainer", "ZZZ_UTIL_InlineContainer\ZZZ_UTIL_InlineContainer.vcproj", "{4061909E-35B0-4F16-B627-80BF5643AA9C}"
	ProjectSection(ProjectDependencies) = postProject
		{7E839BA9-3D31-4F36-B582-34D0E0DE2CA2} = {7E839BA9-3D31-4F36-B582-34D0E0DE2CA2}
	EndProjectSection
EndProject
Project("{8BC9CEB8-8B4A-11D0-8D11-00A0C91BC942}") = "ZZZ_UTIL_IntToString", "ZZZ_UTIL_IntToString\ZZZ_UTIL_IntToString.vcproj", "{DEA1A8BB-2A99-42D0-811B-6B7908139CC1}"
	ProjectSection(ProjectDependencies) = postProject
		{7E839BA9-3D31-4F36-B582-34D0E0DE2CA2} = {7E839BA9-3D31-4F36-B582-34D0E0DE2CA2}
	EndProjectSection
EndProject
Project("{8BC9CEB8-8B4A-11D0-8D11-00A0C91BC942}") = "ZZZ_UTIL_LogFileSupport", "ZZZ_UTIL_LogFileSupport\ZZZ_UTIL_LogFileSupport.vcproj", "{2FA10716-7318-4BDC-9EC7-B9171311A43F}"
	ProjectSection(ProjectDependencies) = postProject
		{7E839BA9-3D31-4F36-B582-34D0E0DE2CA2} = {7E839BA9-3D31-4F36-B582-34D0E0DE2CA2}
	EndProjectSection
EndProject
Project("{8BC9CEB8-8B4A-11D0-8D11-00A0C91BC942}") = "ZZZ_UTIL_LogHandlerFile", "ZZZ_UTIL_LogHandlerFile\ZZZ_UTIL_LogHandlerFile.vcproj", "{1282BF0E-7326-4629-8376-82D62EAA1A57}"
	ProjectSection(ProjectDependencies) = postProject
		{7E839BA9-3D31-4F36-B582-34D0E0DE2CA2} = {7E839BA9-3D31-4F36-B582-34D0E0DE2CA2}
	EndProjectSection
EndProject
Project("{8BC9CEB8-8B4A-11D0-8D11-00A0C91BC942}") = "ZZZ_UTIL_LogHandlerFileMMap", "ZZZ_UTIL_LogHandlerFileMMap\ZZZ_UTIL_LogHandlerFileMMap.vcproj", "{1F7E3A37-3520-4540-832E-DB603E67E8E5}"
	ProjectSection(ProjectDependencies) = postProject
		{7E839BA9-3D31-4F36-B582-34D0E0DE2CA2} = {7E839BA9-3D31-4F36-B582-34D0E0DE2CA2}
	EndProjectSection
EndProject
Project("{8BC9CEB8-8B4A-11D0-8D11-00A0C91BC942}") = "ZZZ_UTIL_MACAddress", "ZZZ_UTIL_MACAddress\ZZZ_UTIL_MACAddress.vcproj", "{E8AD4D37-B420-4C85-A89A-AC9FD6A07D06}"
	ProjectSection(ProjectDependencies) = postProject
		{7E839BA9-3D31-4F36-B582-34D0E0DE2CA2} = {7E839BA9-3D31-4F36-B582-34D0E0DE2CA2}
	EndProjectSection
EndProject
Project("{8BC9CEB8-8B4A-11D0-8D11-00A0C91BC942}") = "ZZZ_UTIL_nstrcat", "ZZZ_UTIL_nstrcat\ZZZ_UTIL_nstrcat.vcproj", "{86EA1CD1-387B-45DE-8BFD-19355E5DAB04}"
	ProjectSection(ProjectDependencies) = postProject
		{7E839BA9-3D31-4F36-B582-34D0E0DE2CA2} = {7E839BA9-3D31-4F36-B582-34D0E0DE2CA2}
	EndProjectSection
EndProject
Project("{8BC9CEB8-8B4A-11D0-8D11-00A0C91BC942}") = "ZZZ_UTIL_nstrcpy", "ZZZ_UTIL_nstrcpy\ZZZ_UTIL_nstrcpy.vcproj", "{89E9C27A-4F2D-4EC3-9DB3-319FC312A528}"
	ProjectSection(ProjectDependencies) = postProject
		{7E839BA9-3D31-4F36-B582-34D0E0DE2CA2} = {7E839BA9-3D31-4F36-B582-34D0E0DE2CA2}
	EndProjectSection
EndProject
Project("{8BC9CEB8-8B4A-11D0-8D11-00A0C91BC942}") = "ZZZ_UTIL_OSFileSupport", "ZZZ_UTIL_OSFileSupport\ZZZ_UTIL_OSFileSupport.vcproj", "{002D2AAB-E5E0-4ACB-A544-AA1CE73524CF}"
	ProjectSection(ProjectDependencies) = postProject
		{7E839BA9-3D31-4F36-B582-34D0E0DE2CA2} = {7E839BA9-3D31-4F36-B582-34D0E0DE2CA2}
	EndProjectSection
EndProject
Project("{8BC9CEB8-8B4A-11D0-8D11-00A0C91BC942}") = "ZZZ_UTIL_OStreamMultiplexer", "ZZZ_UTIL_OStreamMultiplexer\ZZZ_UTIL_OStreamMultiplexer.vcproj", "{0252367D-2159-48C9-B5B0-E4D4D9A0D182}"
	ProjectSection(ProjectDependencies) = postProject
		{7E839BA9-3D31-4F36-B582-34D0E0DE2CA2} = {7E839BA9-3D31-4F36-B582-34D0E0DE2CA2}
	EndProjectSection
EndProject
Project("{8BC9CEB8-8B4A-11D0-8D11-00A0C91BC942}") = "ZZZ_UTIL_PageSize", "ZZZ_UTIL_PageSize\ZZZ_UTIL_PageSize.vcproj", "{B63116FA-532A-4A6F-88DF-937370146010}"
	ProjectSection(ProjectDependencies) = postProject
		{7E839BA9-3D31-4F36-B582-34D0E0DE2CA2} = {7E839BA9-3D31-4F36-B582-34D0E0DE2CA2}
	EndProjectSection
EndProject
Project("{8BC9CEB8-8B4A-11D0-8D11-00A0C91BC942}") = "ZZZ_UTIL_ProcessId", "ZZZ_UTIL_ProcessId\ZZZ_UTIL_ProcessId.vcproj", "{57F7ECA6-0C83-437C-B59F-84A134478D3C}"
	ProjectSection(ProjectDependencies) = postProject
		{7E839BA9-3D31-4F36-B582-34D0E0DE2CA2} = {7E839BA9-3D31-4F36-B582-34D0E0DE2CA2}
	EndProjectSection
EndProject
Project("{8BC9CEB8-8B4A-11D0-8D11-00A0C91BC942}") = "ZZZ_UTIL_ProcessMemLock", "ZZZ_UTIL_ProcessMemLock\ZZZ_UTIL_ProcessMemLock.vcproj", "{7E36400E-884F-43B2-A5C5-FE83C4CA0B4D}"
	ProjectSection(ProjectDependencies) = postProject
		{7E839BA9-3D31-4F36-B582-34D0E0DE2CA2} = {7E839BA9-3D31-4F36-B582-34D0E0DE2CA2}
	EndProjectSection
EndProject
Project("{8BC9CEB8-8B4A-11D0-8D11-00A0C91BC942}") = "ZZZ_UTIL_RegexParamNameAdaptor", "ZZZ_UTIL_RegexParamNameAdaptor\ZZZ_UTIL_RegexParamNameAdaptor.vcproj", "{83ECDB6E-644F-466A-95CD-8BDF8C7CEB69}"
	ProjectSection(ProjectDependencies) = postProject
		{7E839BA9-3D31-4F36-B582-34D0E0DE2CA2} = {7E839BA9-3D31-4F36-B582-34D0E0DE2CA2}
	EndProjectSection
EndProject
Project("{8BC9CEB8-8B4A-11D0-8D11-00A0C91BC942}") = "ZZZ_UTIL_ResourceLimits", "ZZZ_UTIL_ResourceLimits\ZZZ_UTIL_ResourceLimits.vcproj", "{00075908-B49D-4E7B-B008-38803E61655D}"
	ProjectSection(ProjectDependencies) = postProject
		{7E839BA9-3D31-4F36-B582-34D0E0DE2CA2} = {7E839BA9-3D31-4F36-B582-34D0E0DE2CA2}
	EndProjectSection
EndProject
Project("{8BC9CEB8-8B4A-11D0-8D11-00A0C91BC942}") = "ZZZ_UTIL_Rethrow", "ZZZ_UTIL_Rethrow\ZZZ_UTIL_Rethrow.vcproj", "{FCF2AD74-407E-413D-A19B-DC97A6983C76}"
	ProjectSection(ProjectDependencies) = postProject
		{7E839BA9-3D31-4F36-B582-34D0E0DE2CA2} = {7E839BA9-3D31-4F36-B582-34D0E0DE2CA2}
	EndProjectSection
EndProject
Project("{8BC9CEB8-8B4A-11D0-8D11-00A0C91BC942}") = "ZZZ_UTIL_RsrcUsage", "ZZZ_UTIL_RsrcUsage\ZZZ_UTIL_RsrcUsage.vcproj", "{D36CB140-4C44-4D06-B0D9-EDA7083B0183}"
	ProjectSection(ProjectDependencies) = postProject
		{7E839BA9-3D31-4F36-B582-34D0E0DE2CA2} = {7E839BA9-3D31-4F36-B582-34D0E0DE2CA2}
	EndProjectSection
EndProject
Project("{8BC9CEB8-8B4A-11D0-8D11-00A0C91BC942}") = "ZZZ_UTIL_SignalHandler", "ZZZ_UTIL_SignalHandler\ZZZ_UTIL_SignalHandler.vcproj", "{BF87B026-A03D-47AA-A38E-57A4152ABE9E}"
	ProjectSection(ProjectDependencies) = postProject
		{7E839BA9-3D31-4F36-B582-34D0E0DE2CA2} = {7E839BA9-3D31-4F36-B582-34D0E0DE2CA2}
	EndProjectSection
EndProject
Project("{8BC9CEB8-8B4A-11D0-8D11-00A0C91BC942}") = "ZZZ_UTIL_SimpleMMapFile", "ZZZ_UTIL_SimpleMMapFile\ZZZ_UTIL_SimpleMMapFile.vcproj", "{EA03E657-5480-4063-A196-C37FEA7CE43C}"
	ProjectSection(ProjectDependencies) = postProject
		{7E839BA9-3D31-4F36-B582-34D0E0DE2CA2} = {7E839BA9-3D31-4F36-B582-34D0E0DE2CA2}
	EndProjectSection
EndProject
Project("{8BC9CEB8-8B4A-11D0-8D11-00A0C91BC942}") = "ZZZ_UTIL_SystemError", "ZZZ_UTIL_SystemError\ZZZ_UTIL_SystemError.vcproj", "{2D66497A-5EAA-4AFD-8E18-A3E0A170E36D}"
	ProjectSection(ProjectDependencies) = postProject
		{7E839BA9-3D31-4F36-B582-34D0E0DE2CA2} = {7E839BA9-3D31-4F36-B582-34D0E0DE2CA2}
	EndProjectSection
EndProject
Project("{8BC9CEB8-8B4A-11D0-8D11-00A0C91BC942}") = "ZZZ_UTIL_ThreadId", "ZZZ_UTIL_ThreadId\ZZZ_UTIL_ThreadId.vcproj", "{25C01BF2-F4C4-4DC1-B11A-BE3BC00C13A7}"
	ProjectSection(ProjectDependencies) = postProject
		{7E839BA9-3D31-4F36-B582-34D0E0DE2CA2} = {7E839BA9-3D31-4F36-B582-34D0E0DE2CA2}
	EndProjectSection
EndProject
Project("{8BC9CEB8-8B4A-11D0-8D11-00A0C91BC942}") = "ZZZ_UTIL_Time", "ZZZ_UTIL_Time\ZZZ_UTIL_Time.vcproj", "{102759FE-00C3-467B-8BF7-01D9AD308426}"
	ProjectSection(ProjectDependencies) = postProject
		{7E839BA9-3D31-4F36-B582-34D0E0DE2CA2} = {7E839BA9-3D31-4F36-B582-34D0E0DE2CA2}
	EndProjectSection
EndProject
Project("{8BC9CEB8-8B4A-11D0-8D11-00A0C91BC942}") = "ZZZ_UTIL_TZSetInfo", "ZZZ_UTIL_TZSetInfo\ZZZ_UTIL_TZSetInfo.vcproj", "{9D1B13C4-A331-41E9-9ACD-29D640BF0864}"
	ProjectSection(ProjectDependencies) = postProject
		{7E839BA9-3D31-4F36-B582-34D0E0DE2CA2} = {7E839BA9-3D31-4F36-B582-34D0E0DE2CA2}
	EndProjectSection
EndProject
Project("{8BC9CEB8-8B4A-11D0-8D11-00A0C91BC942}") = "ZZZ_UTIL_UniqueId", "ZZZ_UTIL_UniqueId\ZZZ_UTIL_UniqueId.vcproj", "{69743697-E1DC-412B-80A7-567BA0C9F776}"
	ProjectSection(ProjectDependencies) = postProject
		{7E839BA9-3D31-4F36-B582-34D0E0DE2CA2} = {7E839BA9-3D31-4F36-B582-34D0E0DE2CA2}
	EndProjectSection
EndProject
Project("{8BC9CEB8-8B4A-11D0-8D11-00A0C91BC942}") = "ZZZ_UTIL_UserName", "ZZZ_UTIL_UserName\ZZZ_UTIL_UserName.vcproj", "{E885AB17-7625-479A-AA74-AF28E9B65FE2}"
	ProjectSection(ProjectDependencies) = postProject
		{7E839BA9-3D31-4F36-B582-34D0E0DE2CA2} = {7E839BA9-3D31-4F36-B582-34D0E0DE2CA2}
	EndProjectSection
EndProject
Project("{8BC9CEB8-8B4A-11D0-8D11-00A0C91BC942}") = "ZZZ_UTIL_WideChar", "ZZZ_UTIL_WideChar\ZZZ_UTIL_WideChar.vcproj", "{0B6A0990-DADC-4EBB-9417-A74679A39E6D}"
	ProjectSection(ProjectDependencies) = postProject
		{7E839BA9-3D31-4F36-B582-34D0E0DE2CA2} = {7E839BA9-3D31-4F36-B582-34D0E0DE2CA2}
	EndProjectSection
EndProject
Project("{8BC9CEB8-8B4A-11D0-8D11-00A0C91BC942}") = "ZZZ_UTIL_trim", "ZZZ_UTIL_trim\ZZZ_UTIL_trim.vcproj", "{A8CA8C3F-F4B7-4F40-88C8-D7C816018593}"
	ProjectSection(ProjectDependencies) = postProject
		{7E839BA9-3D31-4F36-B582-34D0E0DE2CA2} = {7E839BA9-3D31-4F36-B582-34D0E0DE2CA2}
	EndProjectSection
EndProject
Project("{8BC9CEB8-8B4A-11D0-8D11-00A0C91BC942}") = "ZZZ_UTIL_EmitRuledBuffer", "ZZZ_UTIL_EmitRuledBuffer\ZZZ_UTIL_EmitRuledBuffer.vcproj", "{C98E744E-EE75-4FE6-A9E6-6702349EA50C}"
	ProjectSection(ProjectDependencies) = postProject
		{7E839BA9-3D31-4F36-B582-34D0E0DE2CA2} = {7E839BA9-3D31-4F36-B582-34D0E0DE2CA2}
	EndProjectSection
EndProject
Global
	GlobalSection(SolutionConfigurationPlatforms) = preSolution
		Debug|Win32 = Debug|Win32
		Release|Win32 = Release|Win32
	EndGlobalSection
	GlobalSection(ProjectConfigurationPlatforms) = postSolution
		{7E839BA9-3D31-4F36-B582-34D0E0DE2CA2}.Debug|Win32.ActiveCfg = Debug|Win32
		{7E839BA9-3D31-4F36-B582-34D0E0DE2CA2}.Debug|Win32.Build.0 = Debug|Win32
		{7E839BA9-3D31-4F36-B582-34D0E0DE2CA2}.Release|Win32.ActiveCfg = Release|Win32
		{7E839BA9-3D31-4F36-B582-34D0E0DE2CA2}.Release|Win32.Build.0 = Release|Win32
		{44028ECD-1806-4812-BCDA-9EF08598422C}.Debug|Win32.ActiveCfg = Debug|Win32
		{44028ECD-1806-4812-BCDA-9EF08598422C}.Debug|Win32.Build.0 = Debug|Win32
		{44028ECD-1806-4812-BCDA-9EF08598422C}.Release|Win32.ActiveCfg = Release|Win32
		{44028ECD-1806-4812-BCDA-9EF08598422C}.Release|Win32.Build.0 = Release|Win32
		{F683FF22-C259-46E0-8D74-F3748F129A2C}.Debug|Win32.ActiveCfg = Debug|Win32
		{F683FF22-C259-46E0-8D74-F3748F129A2C}.Debug|Win32.Build.0 = Debug|Win32
		{F683FF22-C259-46E0-8D74-F3748F129A2C}.Release|Win32.ActiveCfg = Release|Win32
		{F683FF22-C259-46E0-8D74-F3748F129A2C}.Release|Win32.Build.0 = Release|Win32
		{D543AC48-83C6-417C-970D-E6631FB47246}.Debug|Win32.ActiveCfg = Debug|Win32
		{D543AC48-83C6-417C-970D-E6631FB47246}.Debug|Win32.Build.0 = Debug|Win32
		{D543AC48-83C6-417C-970D-E6631FB47246}.Release|Win32.ActiveCfg = Release|Win32
		{D543AC48-83C6-417C-970D-E6631FB47246}.Release|Win32.Build.0 = Release|Win32
		{A9E4BE97-FBA2-4368-B446-DDB29C6D1B1A}.Debug|Win32.ActiveCfg = Debug|Win32
		{A9E4BE97-FBA2-4368-B446-DDB29C6D1B1A}.Debug|Win32.Build.0 = Debug|Win32
		{A9E4BE97-FBA2-4368-B446-DDB29C6D1B1A}.Release|Win32.ActiveCfg = Release|Win32
		{A9E4BE97-FBA2-4368-B446-DDB29C6D1B1A}.Release|Win32.Build.0 = Release|Win32
		{9E01083A-AB22-4720-A52F-B59F660271FD}.Debug|Win32.ActiveCfg = Debug|Win32
		{9E01083A-AB22-4720-A52F-B59F660271FD}.Debug|Win32.Build.0 = Debug|Win32
		{9E01083A-AB22-4720-A52F-B59F660271FD}.Release|Win32.ActiveCfg = Release|Win32
		{9E01083A-AB22-4720-A52F-B59F660271FD}.Release|Win32.Build.0 = Release|Win32
		{ACBD52DD-37EE-40C1-8214-2B911F010669}.Debug|Win32.ActiveCfg = Debug|Win32
		{ACBD52DD-37EE-40C1-8214-2B911F010669}.Debug|Win32.Build.0 = Debug|Win32
		{ACBD52DD-37EE-40C1-8214-2B911F010669}.Release|Win32.ActiveCfg = Release|Win32
		{ACBD52DD-37EE-40C1-8214-2B911F010669}.Release|Win32.Build.0 = Release|Win32
		{6670CC38-445B-42C4-8D54-11F1FDE35370}.Debug|Win32.ActiveCfg = Debug|Win32
		{6670CC38-445B-42C4-8D54-11F1FDE35370}.Debug|Win32.Build.0 = Debug|Win32
		{6670CC38-445B-42C4-8D54-11F1FDE35370}.Release|Win32.ActiveCfg = Release|Win32
		{6670CC38-445B-42C4-8D54-11F1FDE35370}.Release|Win32.Build.0 = Release|Win32
		{C5CF2290-B29D-4A8D-B705-8C2E8E301994}.Debug|Win32.ActiveCfg = Debug|Win32
		{C5CF2290-B29D-4A8D-B705-8C2E8E301994}.Debug|Win32.Build.0 = Debug|Win32
		{C5CF2290-B29D-4A8D-B705-8C2E8E301994}.Release|Win32.ActiveCfg = Release|Win32
		{C5CF2290-B29D-4A8D-B705-8C2E8E301994}.Release|Win32.Build.0 = Release|Win32
		{0E30D45A-E00A-4F2B-82F6-762DEE82F992}.Debug|Win32.ActiveCfg = Debug|Win32
		{0E30D45A-E00A-4F2B-82F6-762DEE82F992}.Debug|Win32.Build.0 = Debug|Win32
		{0E30D45A-E00A-4F2B-82F6-762DEE82F992}.Release|Win32.ActiveCfg = Release|Win32
		{0E30D45A-E00A-4F2B-82F6-762DEE82F992}.Release|Win32.Build.0 = Release|Win32
		{2F37FFCB-82B4-4461-96CA-BACCC3DFC8AC}.Debug|Win32.ActiveCfg = Debug|Win32
		{2F37FFCB-82B4-4461-96CA-BACCC3DFC8AC}.Debug|Win32.Build.0 = Debug|Win32
		{2F37FFCB-82B4-4461-96CA-BACCC3DFC8AC}.Release|Win32.ActiveCfg = Release|Win32
		{2F37FFCB-82B4-4461-96CA-BACCC3DFC8AC}.Release|Win32.Build.0 = Release|Win32
		{4061909E-35B0-4F16-B627-80BF5643AA9C}.Debug|Win32.ActiveCfg = Debug|Win32
		{4061909E-35B0-4F16-B627-80BF5643AA9C}.Debug|Win32.Build.0 = Debug|Win32
		{4061909E-35B0-4F16-B627-80BF5643AA9C}.Release|Win32.ActiveCfg = Release|Win32
		{4061909E-35B0-4F16-B627-80BF5643AA9C}.Release|Win32.Build.0 = Release|Win32
		{DEA1A8BB-2A99-42D0-811B-6B7908139CC1}.Debug|Win32.ActiveCfg = Debug|Win32
		{DEA1A8BB-2A99-42D0-811B-6B7908139CC1}.Debug|Win32.Build.0 = Debug|Win32
		{DEA1A8BB-2A99-42D0-811B-6B7908139CC1}.Release|Win32.ActiveCfg = Release|Win32
		{DEA1A8BB-2A99-42D0-811B-6B7908139CC1}.Release|Win32.Build.0 = Release|Win32
		{2FA10716-7318-4BDC-9EC7-B9171311A43F}.Debug|Win32.ActiveCfg = Debug|Win32
		{2FA10716-7318-4BDC-9EC7-B9171311A43F}.Debug|Win32.Build.0 = Debug|Win32
		{2FA10716-7318-4BDC-9EC7-B9171311A43F}.Release|Win32.ActiveCfg = Release|Win32
		{2FA10716-7318-4BDC-9EC7-B9171311A43F}.Release|Win32.Build.0 = Release|Win32
		{1282BF0E-7326-4629-8376-82D62EAA1A57}.Debug|Win32.ActiveCfg = Debug|Win32
		{1282BF0E-7326-4629-8376-82D62EAA1A57}.Debug|Win32.Build.0 = Debug|Win32
		{1282BF0E-7326-4629-8376-82D62EAA1A57}.Release|Win32.ActiveCfg = Release|Win32
		{1282BF0E-7326-4629-8376-82D62EAA1A57}.Release|Win32.Build.0 = Release|Win32
		{1F7E3A37-3520-4540-832E-DB603E67E8E5}.Debug|Win32.ActiveCfg = Debug|Win32
		{1F7E3A37-3520-4540-832E-DB603E67E8E5}.Debug|Win32.Build.0 = Debug|Win32
		{1F7E3A37-3520-4540-832E-DB603E67E8E5}.Release|Win32.ActiveCfg = Release|Win32
		{1F7E3A37-3520-4540-832E-DB603E67E8E5}.Release|Win32.Build.0 = Release|Win32
		{E8AD4D37-B420-4C85-A89A-AC9FD6A07D06}.Debug|Win32.ActiveCfg = Debug|Win32
		{E8AD4D37-B420-4C85-A89A-AC9FD6A07D06}.Debug|Win32.Build.0 = Debug|Win32
		{E8AD4D37-B420-4C85-A89A-AC9FD6A07D06}.Release|Win32.ActiveCfg = Release|Win32
		{E8AD4D37-B420-4C85-A89A-AC9FD6A07D06}.Release|Win32.Build.0 = Release|Win32
		{86EA1CD1-387B-45DE-8BFD-19355E5DAB04}.Debug|Win32.ActiveCfg = Debug|Win32
		{86EA1CD1-387B-45DE-8BFD-19355E5DAB04}.Debug|Win32.Build.0 = Debug|Win32
		{86EA1CD1-387B-45DE-8BFD-19355E5DAB04}.Release|Win32.ActiveCfg = Release|Win32
		{86EA1CD1-387B-45DE-8BFD-19355E5DAB04}.Release|Win32.Build.0 = Release|Win32
		{89E9C27A-4F2D-4EC3-9DB3-319FC312A528}.Debug|Win32.ActiveCfg = Debug|Win32
		{89E9C27A-4F2D-4EC3-9DB3-319FC312A528}.Debug|Win32.Build.0 = Debug|Win32
		{89E9C27A-4F2D-4EC3-9DB3-319FC312A528}.Release|Win32.ActiveCfg = Release|Win32
		{89E9C27A-4F2D-4EC3-9DB3-319FC312A528}.Release|Win32.Build.0 = Release|Win32
		{002D2AAB-E5E0-4ACB-A544-AA1CE73524CF}.Debug|Win32.ActiveCfg = Debug|Win32
		{002D2AAB-E5E0-4ACB-A544-AA1CE73524CF}.Debug|Win32.Build.0 = Debug|Win32
		{002D2AAB-E5E0-4ACB-A544-AA1CE73524CF}.Release|Win32.ActiveCfg = Release|Win32
		{002D2AAB-E5E0-4ACB-A544-AA1CE73524CF}.Release|Win32.Build.0 = Release|Win32
		{0252367D-2159-48C9-B5B0-E4D4D9A0D182}.Debug|Win32.ActiveCfg = Debug|Win32
		{0252367D-2159-48C9-B5B0-E4D4D9A0D182}.Debug|Win32.Build.0 = Debug|Win32
		{0252367D-2159-48C9-B5B0-E4D4D9A0D182}.Release|Win32.ActiveCfg = Release|Win32
		{0252367D-2159-48C9-B5B0-E4D4D9A0D182}.Release|Win32.Build.0 = Release|Win32
		{B63116FA-532A-4A6F-88DF-937370146010}.Debug|Win32.ActiveCfg = Debug|Win32
		{B63116FA-532A-4A6F-88DF-937370146010}.Debug|Win32.Build.0 = Debug|Win32
		{B63116FA-532A-4A6F-88DF-937370146010}.Release|Win32.ActiveCfg = Release|Win32
		{B63116FA-532A-4A6F-88DF-937370146010}.Release|Win32.Build.0 = Release|Win32
		{57F7ECA6-0C83-437C-B59F-84A134478D3C}.Debug|Win32.ActiveCfg = Debug|Win32
		{57F7ECA6-0C83-437C-B59F-84A134478D3C}.Debug|Win32.Build.0 = Debug|Win32
		{57F7ECA6-0C83-437C-B59F-84A134478D3C}.Release|Win32.ActiveCfg = Release|Win32
		{57F7ECA6-0C83-437C-B59F-84A134478D3C}.Release|Win32.Build.0 = Release|Win32
		{7E36400E-884F-43B2-A5C5-FE83C4CA0B4D}.Debug|Win32.ActiveCfg = Debug|Win32
		{7E36400E-884F-43B2-A5C5-FE83C4CA0B4D}.Debug|Win32.Build.0 = Debug|Win32
		{7E36400E-884F-43B2-A5C5-FE83C4CA0B4D}.Release|Win32.ActiveCfg = Release|Win32
		{7E36400E-884F-43B2-A5C5-FE83C4CA0B4D}.Release|Win32.Build.0 = Release|Win32
		{83ECDB6E-644F-466A-95CD-8BDF8C7CEB69}.Debug|Win32.ActiveCfg = Debug|Win32
		{83ECDB6E-644F-466A-95CD-8BDF8C7CEB69}.Debug|Win32.Build.0 = Debug|Win32
		{83ECDB6E-644F-466A-95CD-8BDF8C7CEB69}.Release|Win32.ActiveCfg = Release|Win32
		{83ECDB6E-644F-466A-95CD-8BDF8C7CEB69}.Release|Win32.Build.0 = Release|Win32
		{00075908-B49D-4E7B-B008-38803E61655D}.Debug|Win32.ActiveCfg = Debug|Win32
		{00075908-B49D-4E7B-B008-38803E61655D}.Debug|Win32.Build.0 = Debug|Win32
		{00075908-B49D-4E7B-B008-38803E61655D}.Release|Win32.ActiveCfg = Release|Win32
		{00075908-B49D-4E7B-B008-38803E61655D}.Release|Win32.Build.0 = Release|Win32
		{FCF2AD74-407E-413D-A19B-DC97A6983C76}.Debug|Win32.ActiveCfg = Debug|Win32
		{FCF2AD74-407E-413D-A19B-DC97A6983C76}.Debug|Win32.Build.0 = Debug|Win32
		{FCF2AD74-407E-413D-A19B-DC97A6983C76}.Release|Win32.ActiveCfg = Release|Win32
		{FCF2AD74-407E-413D-A19B-DC97A6983C76}.Release|Win32.Build.0 = Release|Win32
		{D36CB140-4C44-4D06-B0D9-EDA7083B0183}.Debug|Win32.ActiveCfg = Debug|Win32
		{D36CB140-4C44-4D06-B0D9-EDA7083B0183}.Debug|Win32.Build.0 = Debug|Win32
		{D36CB140-4C44-4D06-B0D9-EDA7083B0183}.Release|Win32.ActiveCfg = Release|Win32
		{D36CB140-4C44-4D06-B0D9-EDA7083B0183}.Release|Win32.Build.0 = Release|Win32
		{BF87B026-A03D-47AA-A38E-57A4152ABE9E}.Debug|Win32.ActiveCfg = Debug|Win32
		{BF87B026-A03D-47AA-A38E-57A4152ABE9E}.Debug|Win32.Build.0 = Debug|Win32
		{BF87B026-A03D-47AA-A38E-57A4152ABE9E}.Release|Win32.ActiveCfg = Release|Win32
		{BF87B026-A03D-47AA-A38E-57A4152ABE9E}.Release|Win32.Build.0 = Release|Win32
		{EA03E657-5480-4063-A196-C37FEA7CE43C}.Debug|Win32.ActiveCfg = Debug|Win32
		{EA03E657-5480-4063-A196-C37FEA7CE43C}.Debug|Win32.Build.0 = Debug|Win32
		{EA03E657-5480-4063-A196-C37FEA7CE43C}.Release|Win32.ActiveCfg = Release|Win32
		{EA03E657-5480-4063-A196-C37FEA7CE43C}.Release|Win32.Build.0 = Release|Win32
		{2D66497A-5EAA-4AFD-8E18-A3E0A170E36D}.Debug|Win32.ActiveCfg = Debug|Win32
		{2D66497A-5EAA-4AFD-8E18-A3E0A170E36D}.Debug|Win32.Build.0 = Debug|Win32
		{2D66497A-5EAA-4AFD-8E18-A3E0A170E36D}.Release|Win32.ActiveCfg = Release|Win32
		{2D66497A-5EAA-4AFD-8E18-A3E0A170E36D}.Release|Win32.Build.0 = Release|Win32
		{25C01BF2-F4C4-4DC1-B11A-BE3BC00C13A7}.Debug|Win32.ActiveCfg = Debug|Win32
		{25C01BF2-F4C4-4DC1-B11A-BE3BC00C13A7}.Debug|Win32.Build.0 = Debug|Win32
		{25C01BF2-F4C4-4DC1-B11A-BE3BC00C13A7}.Release|Win32.ActiveCfg = Release|Win32
		{25C01BF2-F4C4-4DC1-B11A-BE3BC00C13A7}.Release|Win32.Build.0 = Release|Win32
		{102759FE-00C3-467B-8BF7-01D9AD308426}.Debug|Win32.ActiveCfg = Debug|Win32
		{102759FE-00C3-467B-8BF7-01D9AD308426}.Debug|Win32.Build.0 = Debug|Win32
		{102759FE-00C3-467B-8BF7-01D9AD308426}.Release|Win32.ActiveCfg = Release|Win32
		{102759FE-00C3-467B-8BF7-01D9AD308426}.Release|Win32.Build.0 = Release|Win32
		{9D1B13C4-A331-41E9-9ACD-29D640BF0864}.Debug|Win32.ActiveCfg = Debug|Win32
		{9D1B13C4-A331-41E9-9ACD-29D640BF0864}.Debug|Win32.Build.0 = Debug|Win32
		{9D1B13C4-A331-41E9-9ACD-29D640BF0864}.Release|Win32.ActiveCfg = Release|Win32
		{9D1B13C4-A331-41E9-9ACD-29D640BF0864}.Release|Win32.Build.0 = Release|Win32
		{69743697-E1DC-412B-80A7-567BA0C9F776}.Debug|Win32.ActiveCfg = Debug|Win32
		{69743697-E1DC-412B-80A7-567BA0C9F776}.Debug|Win32.Build.0 = Debug|Win32
		{69743697-E1DC-412B-80A7-567BA0C9F776}.Release|Win32.ActiveCfg = Release|Win32
		{69743697-E1DC-412B-80A7-567BA0C9F776}.Release|Win32.Build.0 = Release|Win32
		{E885AB17-7625-479A-AA74-AF28E9B65FE2}.Debug|Win32.ActiveCfg = Debug|Win32
		{E885AB17-7625-479A-AA74-AF28E9B65FE2}.Debug|Win32.Build.0 = Debug|Win32
		{E885AB17-7625-479A-AA74-AF28E9B65FE2}.Release|Win32.ActiveCfg = Release|Win32
		{E885AB17-7625-479A-AA74-AF28E9B65FE2}.Release|Win32.Build.0 = Release|Win32
		{0B6A0990-DADC-4EBB-9417-A74679A39E6D}.Debug|Win32.ActiveCfg = Debug|Win32
		{0B6A0990-DADC-4EBB-9417-A74679A39E6D}.Debug|Win32.Build.0 = Debug|Win32
		{0B6A0990-DADC-4EBB-9417-A74679A39E6D}.Release|Win32.ActiveCfg = Release|Win32
		{0B6A0990-DADC-4EBB-9417-A74679A39E6D}.Release|Win32.Build.0 = Release|Win32
		{A8CA8C3F-F4B7-4F40-88C8-D7C816018593}.Debug|Win32.ActiveCfg = Debug|Win32
		{A8CA8C3F-F4B7-4F40-88C8-D7C816018593}.Debug|Win32.Build.0 = Debug|Win32
		{A8CA8C3F-F4B7-4F40-88C8-D7C816018593}.Release|Win32.ActiveCfg = Release|Win32
		{A8CA8C3F-F4B7-4F40-88C8-D7C816018593}.Release|Win32.Build.0 = Release|Win32
		{C98E744E-EE75-4FE6-A9E6-6702349EA50C}.Debug|Win32.ActiveCfg = Debug|Win32
		{C98E744E-EE75-4FE6-A9E6-6702349EA50C}.Debug|Win32.Build.0 = Debug|Win32
		{C98E744E-EE75-4FE6-A9E6-6702349EA50C}.Release|Win32.ActiveCfg = Release|Win32
		{C98E744E-EE75-4FE6-A9E6-6702349EA50C}.Release|Win32.Build.0 = Release|Win32
	EndGlobalSection
	GlobalSection(SolutionProperties) = preSolution
		HideSolutionNode = FALSE
	EndGlobalSection
EndGlobal
