
Microsoft Visual Studio Solution File, Format Version 11.00
# Visual C++ Express 2010
Project("{8BC9CEB8-8B4A-11D0-8D11-00A0C91BC942}") = "RvUtilX", "RvUtilX\RvUtilX.vcxproj", "{B9AE40E8-5333-4F3A-9C77-72389D3CD1F4}"
EndProject
Project("{8BC9CEB8-8B4A-11D0-8D11-00A0C91BC942}") = "RvUtilX_DLL", "RvUtilX_DLL\RvUtilX_DLL.vcxproj", "{3D4BAF37-1645-4842-8664-C1B194F81786}"
EndProject
Project("{8BC9CEB8-8B4A-11D0-8D11-00A0C91BC942}") = "ZZZ_RVUTILX_AddRvField", "ZZZ_RVUTILX_AddRvField\ZZZ_RVUTILX_AddRvField.vcxproj", "{B8F165E3-F800-41AC-A935-55574AAB93D3}"
EndProject
Project("{8BC9CEB8-8B4A-11D0-8D11-00A0C91BC942}") = "ZZZ_RVUTILX_GetRvField", "ZZZ_RVUTILX_GetRvField\ZZZ_RVUTILX_GetRvField.vcxproj", "{F8B6E4FE-308E-4D78-B789-A50CA71F214D}"
EndProject
Project("{8BC9CEB8-8B4A-11D0-8D11-00A0C91BC942}") = "ZZZ_RVUTILX_GetSubject", "ZZZ_RVUTILX_GetSubject\ZZZ_RVUTILX_GetSubject.vcxproj", "{86D84D0E-FD1F-4FC4-811D-64555BA6D647}"
EndProject
Project("{8BC9CEB8-8B4A-11D0-8D11-00A0C91BC942}") = "ZZZ_RVUTILX_RequestApiRv", "ZZZ_RVUTILX_RequestApiRv\ZZZ_RVUTILX_RequestApiRv.vcxproj", "{B4F0D549-7352-4096-B38B-6B1DFE959F4B}"
EndProject
Project("{8BC9CEB8-8B4A-11D0-8D11-00A0C91BC942}") = "ZZZ_RVUTILX_RvAdvFlags", "ZZZ_RVUTILX_RvAdvFlags\ZZZ_RVUTILX_RvAdvFlags.vcxproj", "{42DE22F9-4956-4DB7-A113-69F51EBD28B1}"
EndProject
Project("{8BC9CEB8-8B4A-11D0-8D11-00A0C91BC942}") = "ZZZ_RVUTILX_RvAdvMsg", "ZZZ_RVUTILX_RvAdvMsg\ZZZ_RVUTILX_RvAdvMsg.vcxproj", "{3E876CAB-5B21-4E83-BD60-9116101AFD96}"
EndProject
Project("{8BC9CEB8-8B4A-11D0-8D11-00A0C91BC942}") = "ZZZ_RVUTILX_RvAdvisoryControl", "ZZZ_RVUTILX_RvAdvisoryControl\ZZZ_RVUTILX_RvAdvisoryControl.vcxproj", "{B037148D-AB28-4E57-9C8D-9D2FFC041865}"
EndProject
Project("{8BC9CEB8-8B4A-11D0-8D11-00A0C91BC942}") = "ZZZ_RVUTILX_RvEnvironment", "ZZZ_RVUTILX_RvEnvironment\ZZZ_RVUTILX_RvEnvironment.vcxproj", "{AE3C2036-651F-4178-A04B-02705E9A6D1C}"
EndProject
Project("{8BC9CEB8-8B4A-11D0-8D11-00A0C91BC942}") = "ZZZ_RVUTILX_RvMsgToString", "ZZZ_RVUTILX_RvMsgToString\ZZZ_RVUTILX_RvMsgToString.vcxproj", "{4A11E09A-747D-42AB-97EB-2F75ACCAD353}"
EndProject
Project("{8BC9CEB8-8B4A-11D0-8D11-00A0C91BC942}") = "ZZZ_RVUTILX_SubjectNameFlat", "ZZZ_RVUTILX_SubjectNameFlat\ZZZ_RVUTILX_SubjectNameFlat.vcxproj", "{0068EFDA-BB3F-4E99-A73D-74CB10712C99}"
EndProject
Project("{8BC9CEB8-8B4A-11D0-8D11-00A0C91BC942}") = "ZZZ_RVUTILX_SubjectNameWork", "ZZZ_RVUTILX_SubjectNameWork\ZZZ_RVUTILX_SubjectNameWork.vcxproj", "{1AD73770-C822-4C7D-9A07-1736B750E4D4}"
EndProject
Project("{8BC9CEB8-8B4A-11D0-8D11-00A0C91BC942}") = "ZZZ_RVUTILX_UpdateRvField", "ZZZ_RVUTILX_UpdateRvField\ZZZ_RVUTILX_UpdateRvField.vcxproj", "{521CCC79-D76E-4B7D-AD98-4F0AAF9092EE}"
EndProject
Project("{8BC9CEB8-8B4A-11D0-8D11-00A0C91BC942}") = "ZZZ_RVUTILX_WaitForMessage", "ZZZ_RVUTILX_WaitForMessage\ZZZ_RVUTILX_WaitForMessage.vcxproj", "{0236A0FD-80A3-457C-8D69-0EA1088EE1BE}"
EndProject
Global
	GlobalSection(SolutionConfigurationPlatforms) = preSolution
		Debug|Win32 = Debug|Win32
		Release|Win32 = Release|Win32
	EndGlobalSection
	GlobalSection(ProjectConfigurationPlatforms) = postSolution
		{B9AE40E8-5333-4F3A-9C77-72389D3CD1F4}.Debug|Win32.ActiveCfg = Debug|Win32
		{B9AE40E8-5333-4F3A-9C77-72389D3CD1F4}.Debug|Win32.Build.0 = Debug|Win32
		{B9AE40E8-5333-4F3A-9C77-72389D3CD1F4}.Release|Win32.ActiveCfg = Release|Win32
		{B9AE40E8-5333-4F3A-9C77-72389D3CD1F4}.Release|Win32.Build.0 = Release|Win32
		{3D4BAF37-1645-4842-8664-C1B194F81786}.Debug|Win32.ActiveCfg = Debug|Win32
		{3D4BAF37-1645-4842-8664-C1B194F81786}.Debug|Win32.Build.0 = Debug|Win32
		{3D4BAF37-1645-4842-8664-C1B194F81786}.Release|Win32.ActiveCfg = Release|Win32
		{3D4BAF37-1645-4842-8664-C1B194F81786}.Release|Win32.Build.0 = Release|Win32
		{B8F165E3-F800-41AC-A935-55574AAB93D3}.Debug|Win32.ActiveCfg = Debug|Win32
		{B8F165E3-F800-41AC-A935-55574AAB93D3}.Debug|Win32.Build.0 = Debug|Win32
		{B8F165E3-F800-41AC-A935-55574AAB93D3}.Release|Win32.ActiveCfg = Release|Win32
		{B8F165E3-F800-41AC-A935-55574AAB93D3}.Release|Win32.Build.0 = Release|Win32
		{F8B6E4FE-308E-4D78-B789-A50CA71F214D}.Debug|Win32.ActiveCfg = Debug|Win32
		{F8B6E4FE-308E-4D78-B789-A50CA71F214D}.Debug|Win32.Build.0 = Debug|Win32
		{F8B6E4FE-308E-4D78-B789-A50CA71F214D}.Release|Win32.ActiveCfg = Release|Win32
		{F8B6E4FE-308E-4D78-B789-A50CA71F214D}.Release|Win32.Build.0 = Release|Win32
		{86D84D0E-FD1F-4FC4-811D-64555BA6D647}.Debug|Win32.ActiveCfg = Debug|Win32
		{86D84D0E-FD1F-4FC4-811D-64555BA6D647}.Debug|Win32.Build.0 = Debug|Win32
		{86D84D0E-FD1F-4FC4-811D-64555BA6D647}.Release|Win32.ActiveCfg = Release|Win32
		{86D84D0E-FD1F-4FC4-811D-64555BA6D647}.Release|Win32.Build.0 = Release|Win32
		{B4F0D549-7352-4096-B38B-6B1DFE959F4B}.Debug|Win32.ActiveCfg = Debug|Win32
		{B4F0D549-7352-4096-B38B-6B1DFE959F4B}.Debug|Win32.Build.0 = Debug|Win32
		{B4F0D549-7352-4096-B38B-6B1DFE959F4B}.Release|Win32.ActiveCfg = Release|Win32
		{B4F0D549-7352-4096-B38B-6B1DFE959F4B}.Release|Win32.Build.0 = Release|Win32
		{42DE22F9-4956-4DB7-A113-69F51EBD28B1}.Debug|Win32.ActiveCfg = Debug|Win32
		{42DE22F9-4956-4DB7-A113-69F51EBD28B1}.Debug|Win32.Build.0 = Debug|Win32
		{42DE22F9-4956-4DB7-A113-69F51EBD28B1}.Release|Win32.ActiveCfg = Release|Win32
		{42DE22F9-4956-4DB7-A113-69F51EBD28B1}.Release|Win32.Build.0 = Release|Win32
		{3E876CAB-5B21-4E83-BD60-9116101AFD96}.Debug|Win32.ActiveCfg = Debug|Win32
		{3E876CAB-5B21-4E83-BD60-9116101AFD96}.Debug|Win32.Build.0 = Debug|Win32
		{3E876CAB-5B21-4E83-BD60-9116101AFD96}.Release|Win32.ActiveCfg = Release|Win32
		{3E876CAB-5B21-4E83-BD60-9116101AFD96}.Release|Win32.Build.0 = Release|Win32
		{B037148D-AB28-4E57-9C8D-9D2FFC041865}.Debug|Win32.ActiveCfg = Debug|Win32
		{B037148D-AB28-4E57-9C8D-9D2FFC041865}.Debug|Win32.Build.0 = Debug|Win32
		{B037148D-AB28-4E57-9C8D-9D2FFC041865}.Release|Win32.ActiveCfg = Release|Win32
		{B037148D-AB28-4E57-9C8D-9D2FFC041865}.Release|Win32.Build.0 = Release|Win32
		{AE3C2036-651F-4178-A04B-02705E9A6D1C}.Debug|Win32.ActiveCfg = Debug|Win32
		{AE3C2036-651F-4178-A04B-02705E9A6D1C}.Debug|Win32.Build.0 = Debug|Win32
		{AE3C2036-651F-4178-A04B-02705E9A6D1C}.Release|Win32.ActiveCfg = Release|Win32
		{AE3C2036-651F-4178-A04B-02705E9A6D1C}.Release|Win32.Build.0 = Release|Win32
		{4A11E09A-747D-42AB-97EB-2F75ACCAD353}.Debug|Win32.ActiveCfg = Debug|Win32
		{4A11E09A-747D-42AB-97EB-2F75ACCAD353}.Debug|Win32.Build.0 = Debug|Win32
		{4A11E09A-747D-42AB-97EB-2F75ACCAD353}.Release|Win32.ActiveCfg = Release|Win32
		{4A11E09A-747D-42AB-97EB-2F75ACCAD353}.Release|Win32.Build.0 = Release|Win32
		{0068EFDA-BB3F-4E99-A73D-74CB10712C99}.Debug|Win32.ActiveCfg = Debug|Win32
		{0068EFDA-BB3F-4E99-A73D-74CB10712C99}.Debug|Win32.Build.0 = Debug|Win32
		{0068EFDA-BB3F-4E99-A73D-74CB10712C99}.Release|Win32.ActiveCfg = Release|Win32
		{0068EFDA-BB3F-4E99-A73D-74CB10712C99}.Release|Win32.Build.0 = Release|Win32
		{1AD73770-C822-4C7D-9A07-1736B750E4D4}.Debug|Win32.ActiveCfg = Debug|Win32
		{1AD73770-C822-4C7D-9A07-1736B750E4D4}.Debug|Win32.Build.0 = Debug|Win32
		{1AD73770-C822-4C7D-9A07-1736B750E4D4}.Release|Win32.ActiveCfg = Release|Win32
		{1AD73770-C822-4C7D-9A07-1736B750E4D4}.Release|Win32.Build.0 = Release|Win32
		{521CCC79-D76E-4B7D-AD98-4F0AAF9092EE}.Debug|Win32.ActiveCfg = Debug|Win32
		{521CCC79-D76E-4B7D-AD98-4F0AAF9092EE}.Debug|Win32.Build.0 = Debug|Win32
		{521CCC79-D76E-4B7D-AD98-4F0AAF9092EE}.Release|Win32.ActiveCfg = Release|Win32
		{521CCC79-D76E-4B7D-AD98-4F0AAF9092EE}.Release|Win32.Build.0 = Release|Win32
		{0236A0FD-80A3-457C-8D69-0EA1088EE1BE}.Debug|Win32.ActiveCfg = Debug|Win32
		{0236A0FD-80A3-457C-8D69-0EA1088EE1BE}.Debug|Win32.Build.0 = Debug|Win32
		{0236A0FD-80A3-457C-8D69-0EA1088EE1BE}.Release|Win32.ActiveCfg = Release|Win32
		{0236A0FD-80A3-457C-8D69-0EA1088EE1BE}.Release|Win32.Build.0 = Release|Win32
	EndGlobalSection
	GlobalSection(SolutionProperties) = preSolution
		HideSolutionNode = FALSE
	EndGlobalSection
EndGlobal
