
Microsoft Visual Studio Solution File, Format Version 10.00
# Visual Studio 2008
Project("{8BC9CEB8-8B4A-11D0-8D11-00A0C91BC942}") = "LbmTopicMonitor", "LbmTopicMonitor\LbmTopicMonitor.vcproj", "{60F57077-A249-40CA-BAA9-8E8FE56FC02D}"
EndProject
Project("{8BC9CEB8-8B4A-11D0-8D11-00A0C91BC942}") = "RvdMonitorDataloss", "RvdMonitorDataloss\RvdMonitorDataloss.vcproj", "{0FA06E40-1320-41A8-9485-DDC298305EB6}"
EndProject
Project("{8BC9CEB8-8B4A-11D0-8D11-00A0C91BC942}") = "RvdVersionMonitor", "RvdVersionMonitor\RvdVersionMonitor.vcproj", "{A8DF5A84-0786-418B-8CC7-4BF9786014F1}"
EndProject
Project("{8BC9CEB8-8B4A-11D0-8D11-00A0C91BC942}") = "RvInfoRvd", "RvInfoRvd\RvInfoRvd.vcproj", "{D87BFDD0-C544-4350-AD46-51A71225F01B}"
EndProject
Project("{8BC9CEB8-8B4A-11D0-8D11-00A0C91BC942}") = "XRvListen", "XRvListen\XRvListen.vcproj", "{9188CF60-4753-451D-B951-B34DFF60138C}"
EndProject
Project("{8BC9CEB8-8B4A-11D0-8D11-00A0C91BC942}") = "XRvMeasure", "XRvMeasure\XRvMeasure.vcproj", "{1A9E96F6-B688-44F5-905F-EB1BFE176B50}"
EndProject
Project("{8BC9CEB8-8B4A-11D0-8D11-00A0C91BC942}") = "XRvSend", "XRvSend\XRvSend.vcproj", "{06C034C0-4FB8-4F1B-BC65-C59EF1D9B7F8}"
EndProject
Project("{8BC9CEB8-8B4A-11D0-8D11-00A0C91BC942}") = "XRvSendXmlData", "XRvSendXmlData\XRvSendXmlData.vcproj", "{AE955E65-D04D-4E13-9B90-5B3CFFF52AA3}"
EndProject
Global
	GlobalSection(SolutionConfigurationPlatforms) = preSolution
		Debug|Win32 = Debug|Win32
		Release|Win32 = Release|Win32
	EndGlobalSection
	GlobalSection(ProjectConfigurationPlatforms) = postSolution
		{60F57077-A249-40CA-BAA9-8E8FE56FC02D}.Debug|Win32.ActiveCfg = Debug|Win32
		{60F57077-A249-40CA-BAA9-8E8FE56FC02D}.Debug|Win32.Build.0 = Debug|Win32
		{60F57077-A249-40CA-BAA9-8E8FE56FC02D}.Release|Win32.ActiveCfg = Release|Win32
		{60F57077-A249-40CA-BAA9-8E8FE56FC02D}.Release|Win32.Build.0 = Release|Win32
		{0FA06E40-1320-41A8-9485-DDC298305EB6}.Debug|Win32.ActiveCfg = Debug|Win32
		{0FA06E40-1320-41A8-9485-DDC298305EB6}.Debug|Win32.Build.0 = Debug|Win32
		{0FA06E40-1320-41A8-9485-DDC298305EB6}.Release|Win32.ActiveCfg = Release|Win32
		{0FA06E40-1320-41A8-9485-DDC298305EB6}.Release|Win32.Build.0 = Release|Win32
		{A8DF5A84-0786-418B-8CC7-4BF9786014F1}.Debug|Win32.ActiveCfg = Debug|Win32
		{A8DF5A84-0786-418B-8CC7-4BF9786014F1}.Debug|Win32.Build.0 = Debug|Win32
		{A8DF5A84-0786-418B-8CC7-4BF9786014F1}.Release|Win32.ActiveCfg = Release|Win32
		{A8DF5A84-0786-418B-8CC7-4BF9786014F1}.Release|Win32.Build.0 = Release|Win32
		{D87BFDD0-C544-4350-AD46-51A71225F01B}.Debug|Win32.ActiveCfg = Debug|Win32
		{D87BFDD0-C544-4350-AD46-51A71225F01B}.Debug|Win32.Build.0 = Debug|Win32
		{D87BFDD0-C544-4350-AD46-51A71225F01B}.Release|Win32.ActiveCfg = Release|Win32
		{D87BFDD0-C544-4350-AD46-51A71225F01B}.Release|Win32.Build.0 = Release|Win32
		{9188CF60-4753-451D-B951-B34DFF60138C}.Debug|Win32.ActiveCfg = Debug|Win32
		{9188CF60-4753-451D-B951-B34DFF60138C}.Debug|Win32.Build.0 = Debug|Win32
		{9188CF60-4753-451D-B951-B34DFF60138C}.Release|Win32.ActiveCfg = Release|Win32
		{9188CF60-4753-451D-B951-B34DFF60138C}.Release|Win32.Build.0 = Release|Win32
		{1A9E96F6-B688-44F5-905F-EB1BFE176B50}.Debug|Win32.ActiveCfg = Debug|Win32
		{1A9E96F6-B688-44F5-905F-EB1BFE176B50}.Debug|Win32.Build.0 = Debug|Win32
		{1A9E96F6-B688-44F5-905F-EB1BFE176B50}.Release|Win32.ActiveCfg = Release|Win32
		{1A9E96F6-B688-44F5-905F-EB1BFE176B50}.Release|Win32.Build.0 = Release|Win32
		{06C034C0-4FB8-4F1B-BC65-C59EF1D9B7F8}.Debug|Win32.ActiveCfg = Debug|Win32
		{06C034C0-4FB8-4F1B-BC65-C59EF1D9B7F8}.Debug|Win32.Build.0 = Debug|Win32
		{06C034C0-4FB8-4F1B-BC65-C59EF1D9B7F8}.Release|Win32.ActiveCfg = Release|Win32
		{06C034C0-4FB8-4F1B-BC65-C59EF1D9B7F8}.Release|Win32.Build.0 = Release|Win32
		{AE955E65-D04D-4E13-9B90-5B3CFFF52AA3}.Debug|Win32.ActiveCfg = Debug|Win32
		{AE955E65-D04D-4E13-9B90-5B3CFFF52AA3}.Debug|Win32.Build.0 = Debug|Win32
		{AE955E65-D04D-4E13-9B90-5B3CFFF52AA3}.Release|Win32.ActiveCfg = Release|Win32
		{AE955E65-D04D-4E13-9B90-5B3CFFF52AA3}.Release|Win32.Build.0 = Release|Win32
	EndGlobalSection
	GlobalSection(SolutionProperties) = preSolution
		HideSolutionNode = FALSE
	EndGlobalSection
EndGlobal
