
Microsoft Visual Studio Solution File, Format Version 11.00
# Visual Studio 2010
Project("{8BC9CEB8-8B4A-11D0-8D11-00A0C91BC942}") = "VFastMsgParser", "VFastMsgParser\VFastMsgParser.vcxproj", "{75D86EBE-F0B3-4361-813F-51998CCD1E4E}"
EndProject
Project("{8BC9CEB8-8B4A-11D0-8D11-00A0C91BC942}") = "VFastContextDumper", "VFastContextDumper\VFastContextDumper.vcxproj", "{57A42DFE-C735-42C1-8164-4E65CA2A454D}"
EndProject
Project("{8BC9CEB8-8B4A-11D0-8D11-00A0C91BC942}") = "VFastPacketParser", "VFastPacketParser\VFastPacketParser.vcxproj", "{C3506E72-CD12-4509-8B30-91907A999AEE}"
EndProject
Project("{8BC9CEB8-8B4A-11D0-8D11-00A0C91BC942}") = "CannedPacketConverter", "CannedPacketConverter\CannedPacketConverter.vcxproj", "{4AB194D4-89E5-4640-876E-45FEAFA527C4}"
EndProject
Project("{8BC9CEB8-8B4A-11D0-8D11-00A0C91BC942}") = "CannedPacketConverterToPCap", "CannedPacketConverterToPCap\CannedPacketConverterToPCap.vcxproj", "{B7DE758C-B67B-4B72-B161-6E950B20BFAD}"
EndProject
Project("{8BC9CEB8-8B4A-11D0-8D11-00A0C91BC942}") = "CannedPacketDumper", "CannedPacketDumper\CannedPacketDumper.vcxproj", "{EA6881E5-01D0-4241-B4B0-8AF6584F0B76}"
EndProject
Project("{8BC9CEB8-8B4A-11D0-8D11-00A0C91BC942}") = "CannedPacketRecv", "CannedPacketRecv\CannedPacketRecv.vcxproj", "{773297DE-E156-4509-B241-D572D5644384}"
EndProject
Project("{8BC9CEB8-8B4A-11D0-8D11-00A0C91BC942}") = "CannedPacketSend", "CannedPacketSend\CannedPacketSend.vcxproj", "{35788AB3-A4EB-465E-9F76-DE0718D8A50C}"
EndProject
Project("{8BC9CEB8-8B4A-11D0-8D11-00A0C91BC942}") = "ChangeProcessAffinity", "ChangeProcessAffinity\ChangeProcessAffinity.vcxproj", "{D8DFB1CC-4014-43E8-8C1A-123784604AD6}"
EndProject
Project("{8BC9CEB8-8B4A-11D0-8D11-00A0C91BC942}") = "LibPCapFileConverter", "LibPCapFileConverter\LibPCapFileConverter.vcxproj", "{80AAA9A7-1C21-4730-8C68-8405A58D92B0}"
EndProject
Project("{8BC9CEB8-8B4A-11D0-8D11-00A0C91BC942}") = "PacketForwarder", "PacketForwarder\PacketForwarder.vcxproj", "{A28B5F15-E46B-431A-8904-BAC701D76D29}"
EndProject
Project("{8BC9CEB8-8B4A-11D0-8D11-00A0C91BC942}") = "ResolvePathNameToGeneric", "ResolvePathNameToGeneric\ResolvePathNameToGeneric.vcxproj", "{E9B4D9C8-7AF5-4FF6-9C9A-874DA37B3584}"
EndProject
Project("{8BC9CEB8-8B4A-11D0-8D11-00A0C91BC942}") = "SocketZPlug", "SocketZPlug\SocketZPlug.vcxproj", "{0F952556-FD19-4181-AA45-36C67B1E64AC}"
EndProject
Project("{8BC9CEB8-8B4A-11D0-8D11-00A0C91BC942}") = "XSleep", "XSleep\XSleep.vcxproj", "{7AFFEDA9-D060-43F7-A4EE-EC7B0D71DFB3}"
EndProject
Global
	GlobalSection(SolutionConfigurationPlatforms) = preSolution
		Debug|Win32 = Debug|Win32
		Debug|x64 = Debug|x64
		Release|Win32 = Release|Win32
		Release|x64 = Release|x64
	EndGlobalSection
	GlobalSection(ProjectConfigurationPlatforms) = postSolution
		{75D86EBE-F0B3-4361-813F-51998CCD1E4E}.Debug|Win32.ActiveCfg = Debug|Win32
		{75D86EBE-F0B3-4361-813F-51998CCD1E4E}.Debug|Win32.Build.0 = Debug|Win32
		{75D86EBE-F0B3-4361-813F-51998CCD1E4E}.Debug|x64.ActiveCfg = Debug|x64
		{75D86EBE-F0B3-4361-813F-51998CCD1E4E}.Debug|x64.Build.0 = Debug|x64
		{75D86EBE-F0B3-4361-813F-51998CCD1E4E}.Release|Win32.ActiveCfg = Release|Win32
		{75D86EBE-F0B3-4361-813F-51998CCD1E4E}.Release|Win32.Build.0 = Release|Win32
		{75D86EBE-F0B3-4361-813F-51998CCD1E4E}.Release|x64.ActiveCfg = Release|x64
		{75D86EBE-F0B3-4361-813F-51998CCD1E4E}.Release|x64.Build.0 = Release|x64
		{57A42DFE-C735-42C1-8164-4E65CA2A454D}.Debug|Win32.ActiveCfg = Debug|Win32
		{57A42DFE-C735-42C1-8164-4E65CA2A454D}.Debug|Win32.Build.0 = Debug|Win32
		{57A42DFE-C735-42C1-8164-4E65CA2A454D}.Debug|x64.ActiveCfg = Debug|x64
		{57A42DFE-C735-42C1-8164-4E65CA2A454D}.Debug|x64.Build.0 = Debug|x64
		{57A42DFE-C735-42C1-8164-4E65CA2A454D}.Release|Win32.ActiveCfg = Release|Win32
		{57A42DFE-C735-42C1-8164-4E65CA2A454D}.Release|Win32.Build.0 = Release|Win32
		{57A42DFE-C735-42C1-8164-4E65CA2A454D}.Release|x64.ActiveCfg = Release|x64
		{57A42DFE-C735-42C1-8164-4E65CA2A454D}.Release|x64.Build.0 = Release|x64
		{C3506E72-CD12-4509-8B30-91907A999AEE}.Debug|Win32.ActiveCfg = Debug|Win32
		{C3506E72-CD12-4509-8B30-91907A999AEE}.Debug|Win32.Build.0 = Debug|Win32
		{C3506E72-CD12-4509-8B30-91907A999AEE}.Debug|x64.ActiveCfg = Debug|x64
		{C3506E72-CD12-4509-8B30-91907A999AEE}.Debug|x64.Build.0 = Debug|x64
		{C3506E72-CD12-4509-8B30-91907A999AEE}.Release|Win32.ActiveCfg = Release|Win32
		{C3506E72-CD12-4509-8B30-91907A999AEE}.Release|Win32.Build.0 = Release|Win32
		{C3506E72-CD12-4509-8B30-91907A999AEE}.Release|x64.ActiveCfg = Release|x64
		{C3506E72-CD12-4509-8B30-91907A999AEE}.Release|x64.Build.0 = Release|x64
		{4AB194D4-89E5-4640-876E-45FEAFA527C4}.Debug|Win32.ActiveCfg = Debug|Win32
		{4AB194D4-89E5-4640-876E-45FEAFA527C4}.Debug|Win32.Build.0 = Debug|Win32
		{4AB194D4-89E5-4640-876E-45FEAFA527C4}.Debug|x64.ActiveCfg = Debug|x64
		{4AB194D4-89E5-4640-876E-45FEAFA527C4}.Debug|x64.Build.0 = Debug|x64
		{4AB194D4-89E5-4640-876E-45FEAFA527C4}.Release|Win32.ActiveCfg = Release|Win32
		{4AB194D4-89E5-4640-876E-45FEAFA527C4}.Release|Win32.Build.0 = Release|Win32
		{4AB194D4-89E5-4640-876E-45FEAFA527C4}.Release|x64.ActiveCfg = Release|x64
		{4AB194D4-89E5-4640-876E-45FEAFA527C4}.Release|x64.Build.0 = Release|x64
		{B7DE758C-B67B-4B72-B161-6E950B20BFAD}.Debug|Win32.ActiveCfg = Debug|Win32
		{B7DE758C-B67B-4B72-B161-6E950B20BFAD}.Debug|Win32.Build.0 = Debug|Win32
		{B7DE758C-B67B-4B72-B161-6E950B20BFAD}.Debug|x64.ActiveCfg = Debug|x64
		{B7DE758C-B67B-4B72-B161-6E950B20BFAD}.Debug|x64.Build.0 = Debug|x64
		{B7DE758C-B67B-4B72-B161-6E950B20BFAD}.Release|Win32.ActiveCfg = Release|Win32
		{B7DE758C-B67B-4B72-B161-6E950B20BFAD}.Release|Win32.Build.0 = Release|Win32
		{B7DE758C-B67B-4B72-B161-6E950B20BFAD}.Release|x64.ActiveCfg = Release|x64
		{B7DE758C-B67B-4B72-B161-6E950B20BFAD}.Release|x64.Build.0 = Release|x64
		{EA6881E5-01D0-4241-B4B0-8AF6584F0B76}.Debug|Win32.ActiveCfg = Debug|Win32
		{EA6881E5-01D0-4241-B4B0-8AF6584F0B76}.Debug|Win32.Build.0 = Debug|Win32
		{EA6881E5-01D0-4241-B4B0-8AF6584F0B76}.Debug|x64.ActiveCfg = Debug|x64
		{EA6881E5-01D0-4241-B4B0-8AF6584F0B76}.Debug|x64.Build.0 = Debug|x64
		{EA6881E5-01D0-4241-B4B0-8AF6584F0B76}.Release|Win32.ActiveCfg = Release|Win32
		{EA6881E5-01D0-4241-B4B0-8AF6584F0B76}.Release|Win32.Build.0 = Release|Win32
		{EA6881E5-01D0-4241-B4B0-8AF6584F0B76}.Release|x64.ActiveCfg = Release|x64
		{EA6881E5-01D0-4241-B4B0-8AF6584F0B76}.Release|x64.Build.0 = Release|x64
		{773297DE-E156-4509-B241-D572D5644384}.Debug|Win32.ActiveCfg = Debug|Win32
		{773297DE-E156-4509-B241-D572D5644384}.Debug|Win32.Build.0 = Debug|Win32
		{773297DE-E156-4509-B241-D572D5644384}.Debug|x64.ActiveCfg = Debug|x64
		{773297DE-E156-4509-B241-D572D5644384}.Debug|x64.Build.0 = Debug|x64
		{773297DE-E156-4509-B241-D572D5644384}.Release|Win32.ActiveCfg = Release|Win32
		{773297DE-E156-4509-B241-D572D5644384}.Release|Win32.Build.0 = Release|Win32
		{773297DE-E156-4509-B241-D572D5644384}.Release|x64.ActiveCfg = Release|x64
		{773297DE-E156-4509-B241-D572D5644384}.Release|x64.Build.0 = Release|x64
		{35788AB3-A4EB-465E-9F76-DE0718D8A50C}.Debug|Win32.ActiveCfg = Debug|Win32
		{35788AB3-A4EB-465E-9F76-DE0718D8A50C}.Debug|Win32.Build.0 = Debug|Win32
		{35788AB3-A4EB-465E-9F76-DE0718D8A50C}.Debug|x64.ActiveCfg = Debug|x64
		{35788AB3-A4EB-465E-9F76-DE0718D8A50C}.Debug|x64.Build.0 = Debug|x64
		{35788AB3-A4EB-465E-9F76-DE0718D8A50C}.Release|Win32.ActiveCfg = Release|Win32
		{35788AB3-A4EB-465E-9F76-DE0718D8A50C}.Release|Win32.Build.0 = Release|Win32
		{35788AB3-A4EB-465E-9F76-DE0718D8A50C}.Release|x64.ActiveCfg = Release|x64
		{35788AB3-A4EB-465E-9F76-DE0718D8A50C}.Release|x64.Build.0 = Release|x64
		{D8DFB1CC-4014-43E8-8C1A-123784604AD6}.Debug|Win32.ActiveCfg = Debug|Win32
		{D8DFB1CC-4014-43E8-8C1A-123784604AD6}.Debug|Win32.Build.0 = Debug|Win32
		{D8DFB1CC-4014-43E8-8C1A-123784604AD6}.Debug|x64.ActiveCfg = Debug|x64
		{D8DFB1CC-4014-43E8-8C1A-123784604AD6}.Debug|x64.Build.0 = Debug|x64
		{D8DFB1CC-4014-43E8-8C1A-123784604AD6}.Release|Win32.ActiveCfg = Release|Win32
		{D8DFB1CC-4014-43E8-8C1A-123784604AD6}.Release|Win32.Build.0 = Release|Win32
		{D8DFB1CC-4014-43E8-8C1A-123784604AD6}.Release|x64.ActiveCfg = Release|x64
		{D8DFB1CC-4014-43E8-8C1A-123784604AD6}.Release|x64.Build.0 = Release|x64
		{80AAA9A7-1C21-4730-8C68-8405A58D92B0}.Debug|Win32.ActiveCfg = Debug|Win32
		{80AAA9A7-1C21-4730-8C68-8405A58D92B0}.Debug|Win32.Build.0 = Debug|Win32
		{80AAA9A7-1C21-4730-8C68-8405A58D92B0}.Debug|x64.ActiveCfg = Debug|x64
		{80AAA9A7-1C21-4730-8C68-8405A58D92B0}.Debug|x64.Build.0 = Debug|x64
		{80AAA9A7-1C21-4730-8C68-8405A58D92B0}.Release|Win32.ActiveCfg = Release|Win32
		{80AAA9A7-1C21-4730-8C68-8405A58D92B0}.Release|Win32.Build.0 = Release|Win32
		{80AAA9A7-1C21-4730-8C68-8405A58D92B0}.Release|x64.ActiveCfg = Release|x64
		{80AAA9A7-1C21-4730-8C68-8405A58D92B0}.Release|x64.Build.0 = Release|x64
		{A28B5F15-E46B-431A-8904-BAC701D76D29}.Debug|Win32.ActiveCfg = Debug|Win32
		{A28B5F15-E46B-431A-8904-BAC701D76D29}.Debug|Win32.Build.0 = Debug|Win32
		{A28B5F15-E46B-431A-8904-BAC701D76D29}.Debug|x64.ActiveCfg = Debug|x64
		{A28B5F15-E46B-431A-8904-BAC701D76D29}.Debug|x64.Build.0 = Debug|x64
		{A28B5F15-E46B-431A-8904-BAC701D76D29}.Release|Win32.ActiveCfg = Release|Win32
		{A28B5F15-E46B-431A-8904-BAC701D76D29}.Release|Win32.Build.0 = Release|Win32
		{A28B5F15-E46B-431A-8904-BAC701D76D29}.Release|x64.ActiveCfg = Release|x64
		{A28B5F15-E46B-431A-8904-BAC701D76D29}.Release|x64.Build.0 = Release|x64
		{E9B4D9C8-7AF5-4FF6-9C9A-874DA37B3584}.Debug|Win32.ActiveCfg = Debug|Win32
		{E9B4D9C8-7AF5-4FF6-9C9A-874DA37B3584}.Debug|Win32.Build.0 = Debug|Win32
		{E9B4D9C8-7AF5-4FF6-9C9A-874DA37B3584}.Debug|x64.ActiveCfg = Debug|x64
		{E9B4D9C8-7AF5-4FF6-9C9A-874DA37B3584}.Debug|x64.Build.0 = Debug|x64
		{E9B4D9C8-7AF5-4FF6-9C9A-874DA37B3584}.Release|Win32.ActiveCfg = Release|Win32
		{E9B4D9C8-7AF5-4FF6-9C9A-874DA37B3584}.Release|Win32.Build.0 = Release|Win32
		{E9B4D9C8-7AF5-4FF6-9C9A-874DA37B3584}.Release|x64.ActiveCfg = Release|x64
		{E9B4D9C8-7AF5-4FF6-9C9A-874DA37B3584}.Release|x64.Build.0 = Release|x64
		{0F952556-FD19-4181-AA45-36C67B1E64AC}.Debug|Win32.ActiveCfg = Debug|Win32
		{0F952556-FD19-4181-AA45-36C67B1E64AC}.Debug|Win32.Build.0 = Debug|Win32
		{0F952556-FD19-4181-AA45-36C67B1E64AC}.Debug|x64.ActiveCfg = Debug|x64
		{0F952556-FD19-4181-AA45-36C67B1E64AC}.Debug|x64.Build.0 = Debug|x64
		{0F952556-FD19-4181-AA45-36C67B1E64AC}.Release|Win32.ActiveCfg = Release|Win32
		{0F952556-FD19-4181-AA45-36C67B1E64AC}.Release|Win32.Build.0 = Release|Win32
		{0F952556-FD19-4181-AA45-36C67B1E64AC}.Release|x64.ActiveCfg = Release|x64
		{0F952556-FD19-4181-AA45-36C67B1E64AC}.Release|x64.Build.0 = Release|x64
		{7AFFEDA9-D060-43F7-A4EE-EC7B0D71DFB3}.Debug|Win32.ActiveCfg = Debug|Win32
		{7AFFEDA9-D060-43F7-A4EE-EC7B0D71DFB3}.Debug|Win32.Build.0 = Debug|Win32
		{7AFFEDA9-D060-43F7-A4EE-EC7B0D71DFB3}.Debug|x64.ActiveCfg = Debug|x64
		{7AFFEDA9-D060-43F7-A4EE-EC7B0D71DFB3}.Debug|x64.Build.0 = Debug|x64
		{7AFFEDA9-D060-43F7-A4EE-EC7B0D71DFB3}.Release|Win32.ActiveCfg = Release|Win32
		{7AFFEDA9-D060-43F7-A4EE-EC7B0D71DFB3}.Release|Win32.Build.0 = Release|Win32
		{7AFFEDA9-D060-43F7-A4EE-EC7B0D71DFB3}.Release|x64.ActiveCfg = Release|x64
		{7AFFEDA9-D060-43F7-A4EE-EC7B0D71DFB3}.Release|x64.Build.0 = Release|x64
	EndGlobalSection
	GlobalSection(SolutionProperties) = preSolution
		HideSolutionNode = FALSE
	EndGlobalSection
EndGlobal
